// !$*UTF8*$!
{
	archiveVersion = 1;
	classes = {
	};
	objectVersion = 56;
	objects = {

/* Begin PBXBuildFile section */
		8FEC20581B0696CBB510A451 /* Pods_CoppelMovies.framework in Frameworks */ = {isa = PBXBuildFile; fileRef = D4DE362E97BF5F2833FCFD69 /* Pods_CoppelMovies.framework */; };
		B2A34C112983628800AD2020 /* AppDelegate.swift in Sources */ = {isa = PBXBuildFile; fileRef = B2A34C102983628800AD2020 /* AppDelegate.swift */; };
		B2A34C132983628800AD2020 /* SceneDelegate.swift in Sources */ = {isa = PBXBuildFile; fileRef = B2A34C122983628800AD2020 /* SceneDelegate.swift */; };
		B2A34C152983628800AD2020 /* ViewController.swift in Sources */ = {isa = PBXBuildFile; fileRef = B2A34C142983628800AD2020 /* ViewController.swift */; };
		B2A34C182983628800AD2020 /* Main.storyboard in Resources */ = {isa = PBXBuildFile; fileRef = B2A34C162983628800AD2020 /* Main.storyboard */; };
		B2A34C1A2983628A00AD2020 /* Assets.xcassets in Resources */ = {isa = PBXBuildFile; fileRef = B2A34C192983628A00AD2020 /* Assets.xcassets */; };
		B2A34C1D2983628A00AD2020 /* LaunchScreen.storyboard in Resources */ = {isa = PBXBuildFile; fileRef = B2A34C1B2983628A00AD2020 /* LaunchScreen.storyboard */; };
		B2A34C2529836D8F00AD2020 /* ViewController2.swift in Sources */ = {isa = PBXBuildFile; fileRef = B2A34C2429836D8F00AD2020 /* ViewController2.swift */; };
		B2A34C2729838BA600AD2020 /* ViewControllerUser.swift in Sources */ = {isa = PBXBuildFile; fileRef = B2A34C2629838BA600AD2020 /* ViewControllerUser.swift */; };
		B2A34C292983C6AA00AD2020 /* CollectionViewCellCusmizedCollectionViewCell.swift in Sources */ = {isa = PBXBuildFile; fileRef = B2A34C282983C6AA00AD2020 /* CollectionViewCellCusmizedCollectionViewCell.swift */; };
		B2A34C2C29842B0900AD2020 /* PopMoviesListModel.swift in Sources */ = {isa = PBXBuildFile; fileRef = B2A34C2B29842B0900AD2020 /* PopMoviesListModel.swift */; };
		B2A34C2E29842B6D00AD2020 /* PopMoviesModel.swift in Sources */ = {isa = PBXBuildFile; fileRef = B2A34C2D29842B6D00AD2020 /* PopMoviesModel.swift */; };
		B2A34C3029842BA600AD2020 /* CardMovieModel.swift in Sources */ = {isa = PBXBuildFile; fileRef = B2A34C2F29842BA600AD2020 /* CardMovieModel.swift */; };
		B2A34C3329842BF600AD2020 /* LoginResponse.swift in Sources */ = {isa = PBXBuildFile; fileRef = B2A34C3229842BF600AD2020 /* LoginResponse.swift */; };
		B2A34C3529842C5100AD2020 /* NewTokenResponse.swift in Sources */ = {isa = PBXBuildFile; fileRef = B2A34C3429842C5100AD2020 /* NewTokenResponse.swift */; };
		B2A34C3C29842CE300AD2020 /* LogInProvider.swift in Sources */ = {isa = PBXBuildFile; fileRef = B2A34C3B29842CE300AD2020 /* LogInProvider.swift */; };
		B2A34C3E29842D1800AD2020 /* LongInPresenter.swift in Sources */ = {isa = PBXBuildFile; fileRef = B2A34C3D29842D1800AD2020 /* LongInPresenter.swift */; };
		B2A34C432984322800AD2020 /* TextFieldsProperties.swift in Sources */ = {isa = PBXBuildFile; fileRef = B2A34C422984322800AD2020 /* TextFieldsProperties.swift */; };
		B2A34C452984325900AD2020 /* ConstantsUserInf.swift in Sources */ = {isa = PBXBuildFile; fileRef = B2A34C442984325900AD2020 /* ConstantsUserInf.swift */; };
		B2A34C48298434AF00AD2020 /* NetworkError.swift in Sources */ = {isa = PBXBuildFile; fileRef = B2A34C47298434AF00AD2020 /* NetworkError.swift */; };
		B2A34C4A298434C100AD2020 /* RequestModel.swift in Sources */ = {isa = PBXBuildFile; fileRef = B2A34C49298434C100AD2020 /* RequestModel.swift */; };
		B2A34C4C298434DB00AD2020 /* ServiceLayer.swift in Sources */ = {isa = PBXBuildFile; fileRef = B2A34C4B298434DB00AD2020 /* ServiceLayer.swift */; };
		B2A34C4F2984369300AD2020 /* MovieProvider.swift in Sources */ = {isa = PBXBuildFile; fileRef = B2A34C4E2984369300AD2020 /* MovieProvider.swift */; };
		B2A34C53298437BD00AD2020 /* MoviePresenter.swift in Sources */ = {isa = PBXBuildFile; fileRef = B2A34C52298437BD00AD2020 /* MoviePresenter.swift */; };
		B2A34C5F2986AB3400AD2020 /* ViewController3.swift in Sources */ = {isa = PBXBuildFile; fileRef = B2A34C5E2986AB3400AD2020 /* ViewController3.swift */; };
		B2BC9885298ACF2600F5C189 /* TopMoviesListModel.swift in Sources */ = {isa = PBXBuildFile; fileRef = B2BC9884298ACF2600F5C189 /* TopMoviesListModel.swift */; };
		B2BC9887298ACF3F00F5C189 /* TopMoviesModel.swift in Sources */ = {isa = PBXBuildFile; fileRef = B2BC9886298ACF3F00F5C189 /* TopMoviesModel.swift */; };
		B2BC988A298ACF7900F5C189 /* OnTVMoviesListModel.swift in Sources */ = {isa = PBXBuildFile; fileRef = B2BC9889298ACF7900F5C189 /* OnTVMoviesListModel.swift */; };
		B2BC988C298ACF8C00F5C189 /* OnTVMoviesModel.swift in Sources */ = {isa = PBXBuildFile; fileRef = B2BC988B298ACF8C00F5C189 /* OnTVMoviesModel.swift */; };
		B2BC988F298ACFAF00F5C189 /* UpcomingMoviesListModel.swift in Sources */ = {isa = PBXBuildFile; fileRef = B2BC988E298ACFAF00F5C189 /* UpcomingMoviesListModel.swift */; };
		B2BC9891298ACFBD00F5C189 /* UpcomingMoviesModel.swift in Sources */ = {isa = PBXBuildFile; fileRef = B2BC9890298ACFBD00F5C189 /* UpcomingMoviesModel.swift */; };
/* End PBXBuildFile section */

/* Begin PBXFileReference section */
		A812700C3BAC60E1A24E5F65 /* Pods-CoppelMovies.release.xcconfig */ = {isa = PBXFileReference; includeInIndex = 1; lastKnownFileType = text.xcconfig; name = "Pods-CoppelMovies.release.xcconfig"; path = "Target Support Files/Pods-CoppelMovies/Pods-CoppelMovies.release.xcconfig"; sourceTree = "<group>"; };
		B2A34C0D2983628800AD2020 /* CoppelMovies.app */ = {isa = PBXFileReference; explicitFileType = wrapper.application; includeInIndex = 0; path = CoppelMovies.app; sourceTree = BUILT_PRODUCTS_DIR; };
		B2A34C102983628800AD2020 /* AppDelegate.swift */ = {isa = PBXFileReference; lastKnownFileType = sourcecode.swift; path = AppDelegate.swift; sourceTree = "<group>"; };
		B2A34C122983628800AD2020 /* SceneDelegate.swift */ = {isa = PBXFileReference; lastKnownFileType = sourcecode.swift; path = SceneDelegate.swift; sourceTree = "<group>"; };
		B2A34C142983628800AD2020 /* ViewController.swift */ = {isa = PBXFileReference; lastKnownFileType = sourcecode.swift; path = ViewController.swift; sourceTree = "<group>"; };
		B2A34C172983628800AD2020 /* Base */ = {isa = PBXFileReference; lastKnownFileType = file.storyboard; name = Base; path = Base.lproj/Main.storyboard; sourceTree = "<group>"; };
		B2A34C192983628A00AD2020 /* Assets.xcassets */ = {isa = PBXFileReference; lastKnownFileType = folder.assetcatalog; path = Assets.xcassets; sourceTree = "<group>"; };
		B2A34C1C2983628A00AD2020 /* Base */ = {isa = PBXFileReference; lastKnownFileType = file.storyboard; name = Base; path = Base.lproj/LaunchScreen.storyboard; sourceTree = "<group>"; };
		B2A34C1E2983628A00AD2020 /* Info.plist */ = {isa = PBXFileReference; lastKnownFileType = text.plist.xml; path = Info.plist; sourceTree = "<group>"; };
		B2A34C2429836D8F00AD2020 /* ViewController2.swift */ = {isa = PBXFileReference; lastKnownFileType = sourcecode.swift; path = ViewController2.swift; sourceTree = "<group>"; };
		B2A34C2629838BA600AD2020 /* ViewControllerUser.swift */ = {isa = PBXFileReference; lastKnownFileType = sourcecode.swift; path = ViewControllerUser.swift; sourceTree = "<group>"; };
		B2A34C282983C6AA00AD2020 /* CollectionViewCellCusmizedCollectionViewCell.swift */ = {isa = PBXFileReference; lastKnownFileType = sourcecode.swift; path = CollectionViewCellCusmizedCollectionViewCell.swift; sourceTree = "<group>"; };
		B2A34C2B29842B0900AD2020 /* PopMoviesListModel.swift */ = {isa = PBXFileReference; lastKnownFileType = sourcecode.swift; path = PopMoviesListModel.swift; sourceTree = "<group>"; };
		B2A34C2D29842B6D00AD2020 /* PopMoviesModel.swift */ = {isa = PBXFileReference; lastKnownFileType = sourcecode.swift; path = PopMoviesModel.swift; sourceTree = "<group>"; };
		B2A34C2F29842BA600AD2020 /* CardMovieModel.swift */ = {isa = PBXFileReference; lastKnownFileType = sourcecode.swift; path = CardMovieModel.swift; sourceTree = "<group>"; };
		B2A34C3229842BF600AD2020 /* LoginResponse.swift */ = {isa = PBXFileReference; lastKnownFileType = sourcecode.swift; path = LoginResponse.swift; sourceTree = "<group>"; };
		B2A34C3429842C5100AD2020 /* NewTokenResponse.swift */ = {isa = PBXFileReference; lastKnownFileType = sourcecode.swift; path = NewTokenResponse.swift; sourceTree = "<group>"; };
		B2A34C3B29842CE300AD2020 /* LogInProvider.swift */ = {isa = PBXFileReference; lastKnownFileType = sourcecode.swift; path = LogInProvider.swift; sourceTree = "<group>"; };
		B2A34C3D29842D1800AD2020 /* LongInPresenter.swift */ = {isa = PBXFileReference; lastKnownFileType = sourcecode.swift; path = LongInPresenter.swift; sourceTree = "<group>"; };
		B2A34C422984322800AD2020 /* TextFieldsProperties.swift */ = {isa = PBXFileReference; lastKnownFileType = sourcecode.swift; path = TextFieldsProperties.swift; sourceTree = "<group>"; };
		B2A34C442984325900AD2020 /* ConstantsUserInf.swift */ = {isa = PBXFileReference; lastKnownFileType = sourcecode.swift; path = ConstantsUserInf.swift; sourceTree = "<group>"; };
		B2A34C47298434AF00AD2020 /* NetworkError.swift */ = {isa = PBXFileReference; lastKnownFileType = sourcecode.swift; path = NetworkError.swift; sourceTree = "<group>"; };
		B2A34C49298434C100AD2020 /* RequestModel.swift */ = {isa = PBXFileReference; lastKnownFileType = sourcecode.swift; path = RequestModel.swift; sourceTree = "<group>"; };
		B2A34C4B298434DB00AD2020 /* ServiceLayer.swift */ = {isa = PBXFileReference; lastKnownFileType = sourcecode.swift; path = ServiceLayer.swift; sourceTree = "<group>"; };
		B2A34C4E2984369300AD2020 /* MovieProvider.swift */ = {isa = PBXFileReference; lastKnownFileType = sourcecode.swift; path = MovieProvider.swift; sourceTree = "<group>"; };
		B2A34C52298437BD00AD2020 /* MoviePresenter.swift */ = {isa = PBXFileReference; lastKnownFileType = sourcecode.swift; path = MoviePresenter.swift; sourceTree = "<group>"; };
		B2A34C5E2986AB3400AD2020 /* ViewController3.swift */ = {isa = PBXFileReference; lastKnownFileType = sourcecode.swift; path = ViewController3.swift; sourceTree = "<group>"; };
		B2BC9884298ACF2600F5C189 /* TopMoviesListModel.swift */ = {isa = PBXFileReference; lastKnownFileType = sourcecode.swift; path = TopMoviesListModel.swift; sourceTree = "<group>"; };
		B2BC9886298ACF3F00F5C189 /* TopMoviesModel.swift */ = {isa = PBXFileReference; lastKnownFileType = sourcecode.swift; path = TopMoviesModel.swift; sourceTree = "<group>"; };
		B2BC9889298ACF7900F5C189 /* OnTVMoviesListModel.swift */ = {isa = PBXFileReference; lastKnownFileType = sourcecode.swift; path = OnTVMoviesListModel.swift; sourceTree = "<group>"; };
		B2BC988B298ACF8C00F5C189 /* OnTVMoviesModel.swift */ = {isa = PBXFileReference; lastKnownFileType = sourcecode.swift; path = OnTVMoviesModel.swift; sourceTree = "<group>"; };
		B2BC988E298ACFAF00F5C189 /* UpcomingMoviesListModel.swift */ = {isa = PBXFileReference; lastKnownFileType = sourcecode.swift; path = UpcomingMoviesListModel.swift; sourceTree = "<group>"; };
		B2BC9890298ACFBD00F5C189 /* UpcomingMoviesModel.swift */ = {isa = PBXFileReference; lastKnownFileType = sourcecode.swift; path = UpcomingMoviesModel.swift; sourceTree = "<group>"; };
		D4DE362E97BF5F2833FCFD69 /* Pods_CoppelMovies.framework */ = {isa = PBXFileReference; explicitFileType = wrapper.framework; includeInIndex = 0; path = Pods_CoppelMovies.framework; sourceTree = BUILT_PRODUCTS_DIR; };
		FF188A1E05E03CFEF4DF2916 /* Pods-CoppelMovies.debug.xcconfig */ = {isa = PBXFileReference; includeInIndex = 1; lastKnownFileType = text.xcconfig; name = "Pods-CoppelMovies.debug.xcconfig"; path = "Target Support Files/Pods-CoppelMovies/Pods-CoppelMovies.debug.xcconfig"; sourceTree = "<group>"; };
/* End PBXFileReference section */

/* Begin PBXFrameworksBuildPhase section */
		B2A34C0A2983628800AD2020 /* Frameworks */ = {
			isa = PBXFrameworksBuildPhase;
			buildActionMask = 2147483647;
			files = (
				8FEC20581B0696CBB510A451 /* Pods_CoppelMovies.framework in Frameworks */,
			);
			runOnlyForDeploymentPostprocessing = 0;
		};
/* End PBXFrameworksBuildPhase section */

/* Begin PBXGroup section */
		01DB8A007E27478A2A288CC4 /* Frameworks */ = {
			isa = PBXGroup;
			children = (
				D4DE362E97BF5F2833FCFD69 /* Pods_CoppelMovies.framework */,
			);
			name = Frameworks;
			sourceTree = "<group>";
		};
		B2A34C042983628800AD2020 = {
			isa = PBXGroup;
			children = (
				B2A34C0F2983628800AD2020 /* CoppelMovies */,
				B2A34C0E2983628800AD2020 /* Products */,
				D392071162129B53FD9AACFA /* Pods */,
				01DB8A007E27478A2A288CC4 /* Frameworks */,
			);
			sourceTree = "<group>";
		};
		B2A34C0E2983628800AD2020 /* Products */ = {
			isa = PBXGroup;
			children = (
				B2A34C0D2983628800AD2020 /* CoppelMovies.app */,
			);
			name = Products;
			sourceTree = "<group>";
		};
		B2A34C0F2983628800AD2020 /* CoppelMovies */ = {
			isa = PBXGroup;
			children = (
				B2A34C102983628800AD2020 /* AppDelegate.swift */,
				B2A34C122983628800AD2020 /* SceneDelegate.swift */,
				B2A34C3129842BC300AD2020 /* Model */,
				B2A34C3629842C8E00AD2020 /* LogIn */,
				B2A34C41298431FC00AD2020 /* Constants */,
				B2A34C502984378500AD2020 /* Movies */,
				B2A34C462984348800AD2020 /* Servicelayer */,
				B2A34C2629838BA600AD2020 /* ViewControllerUser.swift */,
				B2A34C162983628800AD2020 /* Main.storyboard */,
				B2A34C192983628A00AD2020 /* Assets.xcassets */,
				B2A34C1B2983628A00AD2020 /* LaunchScreen.storyboard */,
				B2A34C1E2983628A00AD2020 /* Info.plist */,
			);
			path = CoppelMovies;
			sourceTree = "<group>";
		};
		B2A34C2A29842AD100AD2020 /* Movies */ = {
			isa = PBXGroup;
			children = (
				B2BC988D298ACF9300F5C189 /* UpComingMovies */,
				B2BC9888298ACF5700F5C189 /* NowPlayingMovies */,
				B2BC9883298ACEF200F5C189 /* TopMovies */,
				B2A34C562986121300AD2020 /* PopularMovies */,
				B2A34C2F29842BA600AD2020 /* CardMovieModel.swift */,
			);
			path = Movies;
			sourceTree = "<group>";
		};
		B2A34C3129842BC300AD2020 /* Model */ = {
			isa = PBXGroup;
			children = (
				B2A34C2A29842AD100AD2020 /* Movies */,
				B2A34C3229842BF600AD2020 /* LoginResponse.swift */,
				B2A34C3429842C5100AD2020 /* NewTokenResponse.swift */,
			);
			path = Model;
			sourceTree = "<group>";
		};
		B2A34C3629842C8E00AD2020 /* LogIn */ = {
			isa = PBXGroup;
			children = (
				B2A34C142983628800AD2020 /* ViewController.swift */,
				B2A34C3929842CAA00AD2020 /* Presenter */,
				B2A34C3729842C9C00AD2020 /* Provider */,
			);
			path = LogIn;
			sourceTree = "<group>";
		};
		B2A34C3729842C9C00AD2020 /* Provider */ = {
			isa = PBXGroup;
			children = (
				B2A34C3B29842CE300AD2020 /* LogInProvider.swift */,
			);
			path = Provider;
			sourceTree = "<group>";
		};
		B2A34C3929842CAA00AD2020 /* Presenter */ = {
			isa = PBXGroup;
			children = (
				B2A34C3D29842D1800AD2020 /* LongInPresenter.swift */,
			);
			path = Presenter;
			sourceTree = "<group>";
		};
		B2A34C41298431FC00AD2020 /* Constants */ = {
			isa = PBXGroup;
			children = (
				B2A34C422984322800AD2020 /* TextFieldsProperties.swift */,
				B2A34C442984325900AD2020 /* ConstantsUserInf.swift */,
			);
			path = Constants;
			sourceTree = "<group>";
		};
		B2A34C462984348800AD2020 /* Servicelayer */ = {
			isa = PBXGroup;
			children = (
				B2A34C47298434AF00AD2020 /* NetworkError.swift */,
				B2A34C49298434C100AD2020 /* RequestModel.swift */,
				B2A34C4B298434DB00AD2020 /* ServiceLayer.swift */,
			);
			path = Servicelayer;
			sourceTree = "<group>";
		};
		B2A34C4D2984367D00AD2020 /* Provider */ = {
			isa = PBXGroup;
			children = (
				B2A34C4E2984369300AD2020 /* MovieProvider.swift */,
			);
			path = Provider;
			sourceTree = "<group>";
		};
		B2A34C502984378500AD2020 /* Movies */ = {
			isa = PBXGroup;
			children = (
				B2A34C54298437E100AD2020 /* View */,
				B2A34C512984379E00AD2020 /* Presenter */,
				B2A34C4D2984367D00AD2020 /* Provider */,
			);
			path = Movies;
			sourceTree = "<group>";
		};
		B2A34C512984379E00AD2020 /* Presenter */ = {
			isa = PBXGroup;
			children = (
				B2A34C52298437BD00AD2020 /* MoviePresenter.swift */,
			);
			path = Presenter;
			sourceTree = "<group>";
		};
		B2A34C54298437E100AD2020 /* View */ = {
			isa = PBXGroup;
			children = (
				B2A34C2429836D8F00AD2020 /* ViewController2.swift */,
				B2A34C282983C6AA00AD2020 /* CollectionViewCellCusmizedCollectionViewCell.swift */,
				B2A34C602986B1CC00AD2020 /* SubView */,
			);
			path = View;
			sourceTree = "<group>";
		};
		B2A34C562986121300AD2020 /* PopularMovies */ = {
			isa = PBXGroup;
			children = (
				B2A34C2B29842B0900AD2020 /* PopMoviesListModel.swift */,
				B2A34C2D29842B6D00AD2020 /* PopMoviesModel.swift */,
			);
			path = PopularMovies;
			sourceTree = "<group>";
		};
		B2A34C602986B1CC00AD2020 /* SubView */ = {
			isa = PBXGroup;
			children = (
				B2A34C5E2986AB3400AD2020 /* ViewController3.swift */,
			);
			path = SubView;
			sourceTree = "<group>";
		};
		B2BC9883298ACEF200F5C189 /* TopMovies */ = {
			isa = PBXGroup;
			children = (
				B2BC9884298ACF2600F5C189 /* TopMoviesListModel.swift */,
				B2BC9886298ACF3F00F5C189 /* TopMoviesModel.swift */,
			);
			path = TopMovies;
			sourceTree = "<group>";
		};
		B2BC9888298ACF5700F5C189 /* NowPlayingMovies */ = {
			isa = PBXGroup;
			children = (
				B2BC9889298ACF7900F5C189 /* OnTVMoviesListModel.swift */,
				B2BC988B298ACF8C00F5C189 /* OnTVMoviesModel.swift */,
			);
			path = NowPlayingMovies;
			sourceTree = "<group>";
		};
		B2BC988D298ACF9300F5C189 /* UpComingMovies */ = {
			isa = PBXGroup;
			children = (
				B2BC988E298ACFAF00F5C189 /* UpcomingMoviesListModel.swift */,
				B2BC9890298ACFBD00F5C189 /* UpcomingMoviesModel.swift */,
			);
			path = UpComingMovies;
			sourceTree = "<group>";
		};
		D392071162129B53FD9AACFA /* Pods */ = {
			isa = PBXGroup;
			children = (
				FF188A1E05E03CFEF4DF2916 /* Pods-CoppelMovies.debug.xcconfig */,
				A812700C3BAC60E1A24E5F65 /* Pods-CoppelMovies.release.xcconfig */,
			);
			path = Pods;
			sourceTree = "<group>";
		};
/* End PBXGroup section */

/* Begin PBXNativeTarget section */
		B2A34C0C2983628800AD2020 /* CoppelMovies */ = {
			isa = PBXNativeTarget;
			buildConfigurationList = B2A34C212983628A00AD2020 /* Build configuration list for PBXNativeTarget "CoppelMovies" */;
			buildPhases = (
				7DCFF2B156596BF28D900E75 /* [CP] Check Pods Manifest.lock */,
				B2A34C092983628800AD2020 /* Sources */,
				B2A34C0A2983628800AD2020 /* Frameworks */,
				B2A34C0B2983628800AD2020 /* Resources */,
				1BAF01DFB14967D1CABDF81B /* [CP] Embed Pods Frameworks */,
			);
			buildRules = (
			);
			dependencies = (
			);
			name = CoppelMovies;
			productName = CoppelMovies;
			productReference = B2A34C0D2983628800AD2020 /* CoppelMovies.app */;
			productType = "com.apple.product-type.application";
		};
/* End PBXNativeTarget section */

/* Begin PBXProject section */
		B2A34C052983628800AD2020 /* Project object */ = {
			isa = PBXProject;
			attributes = {
				BuildIndependentTargetsInParallel = 1;
				LastSwiftUpdateCheck = 1420;
				LastUpgradeCheck = 1420;
				TargetAttributes = {
					B2A34C0C2983628800AD2020 = {
						CreatedOnToolsVersion = 14.2;
					};
				};
			};
			buildConfigurationList = B2A34C082983628800AD2020 /* Build configuration list for PBXProject "CoppelMovies" */;
			compatibilityVersion = "Xcode 14.0";
			developmentRegion = en;
			hasScannedForEncodings = 0;
			knownRegions = (
				en,
				Base,
			);
			mainGroup = B2A34C042983628800AD2020;
			productRefGroup = B2A34C0E2983628800AD2020 /* Products */;
			projectDirPath = "";
			projectRoot = "";
			targets = (
				B2A34C0C2983628800AD2020 /* CoppelMovies */,
			);
		};
/* End PBXProject section */

/* Begin PBXResourcesBuildPhase section */
		B2A34C0B2983628800AD2020 /* Resources */ = {
			isa = PBXResourcesBuildPhase;
			buildActionMask = 2147483647;
			files = (
				B2A34C1D2983628A00AD2020 /* LaunchScreen.storyboard in Resources */,
				B2A34C1A2983628A00AD2020 /* Assets.xcassets in Resources */,
				B2A34C182983628800AD2020 /* Main.storyboard in Resources */,
			);
			runOnlyForDeploymentPostprocessing = 0;
		};
/* End PBXResourcesBuildPhase section */

/* Begin PBXShellScriptBuildPhase section */
		1BAF01DFB14967D1CABDF81B /* [CP] Embed Pods Frameworks */ = {
			isa = PBXShellScriptBuildPhase;
			buildActionMask = 2147483647;
			files = (
			);
			inputFileListPaths = (
				"${PODS_ROOT}/Target Support Files/Pods-CoppelMovies/Pods-CoppelMovies-frameworks-${CONFIGURATION}-input-files.xcfilelist",
			);
			name = "[CP] Embed Pods Frameworks";
			outputFileListPaths = (
				"${PODS_ROOT}/Target Support Files/Pods-CoppelMovies/Pods-CoppelMovies-frameworks-${CONFIGURATION}-output-files.xcfilelist",
			);
			runOnlyForDeploymentPostprocessing = 0;
			shellPath = /bin/sh;
			shellScript = "\"${PODS_ROOT}/Target Support Files/Pods-CoppelMovies/Pods-CoppelMovies-frameworks.sh\"\n";
			showEnvVarsInLog = 0;
		};
		7DCFF2B156596BF28D900E75 /* [CP] Check Pods Manifest.lock */ = {
			isa = PBXShellScriptBuildPhase;
			buildActionMask = 2147483647;
			files = (
			);
			inputFileListPaths = (
			);
			inputPaths = (
				"${PODS_PODFILE_DIR_PATH}/Podfile.lock",
				"${PODS_ROOT}/Manifest.lock",
			);
			name = "[CP] Check Pods Manifest.lock";
			outputFileListPaths = (
			);
			outputPaths = (
				"$(DERIVED_FILE_DIR)/Pods-CoppelMovies-checkManifestLockResult.txt",
			);
			runOnlyForDeploymentPostprocessing = 0;
			shellPath = /bin/sh;
			shellScript = "diff \"${PODS_PODFILE_DIR_PATH}/Podfile.lock\" \"${PODS_ROOT}/Manifest.lock\" > /dev/null\nif [ $? != 0 ] ; then\n    # print error to STDERR\n    echo \"error: The sandbox is not in sync with the Podfile.lock. Run 'pod install' or update your CocoaPods installation.\" >&2\n    exit 1\nfi\n# This output is used by Xcode 'outputs' to avoid re-running this script phase.\necho \"SUCCESS\" > \"${SCRIPT_OUTPUT_FILE_0}\"\n";
			showEnvVarsInLog = 0;
		};
/* End PBXShellScriptBuildPhase section */

/* Begin PBXSourcesBuildPhase section */
		B2A34C092983628800AD2020 /* Sources */ = {
			isa = PBXSourcesBuildPhase;
			buildActionMask = 2147483647;
			files = (
				B2BC9891298ACFBD00F5C189 /* UpcomingMoviesModel.swift in Sources */,
				B2BC9885298ACF2600F5C189 /* TopMoviesListModel.swift in Sources */,
				B2A34C152983628800AD2020 /* ViewController.swift in Sources */,
				B2A34C48298434AF00AD2020 /* NetworkError.swift in Sources */,
				B2BC988A298ACF7900F5C189 /* OnTVMoviesListModel.swift in Sources */,
				B2A34C432984322800AD2020 /* TextFieldsProperties.swift in Sources */,
				B2A34C53298437BD00AD2020 /* MoviePresenter.swift in Sources */,
				B2A34C3029842BA600AD2020 /* CardMovieModel.swift in Sources */,
				B2BC9887298ACF3F00F5C189 /* TopMoviesModel.swift in Sources */,
				B2A34C5F2986AB3400AD2020 /* ViewController3.swift in Sources */,
				B2A34C2729838BA600AD2020 /* ViewControllerUser.swift in Sources */,
				B2A34C2E29842B6D00AD2020 /* PopMoviesModel.swift in Sources */,
				B2BC988C298ACF8C00F5C189 /* OnTVMoviesModel.swift in Sources */,
				B2A34C4F2984369300AD2020 /* MovieProvider.swift in Sources */,
				B2A34C4A298434C100AD2020 /* RequestModel.swift in Sources */,
				B2BC988F298ACFAF00F5C189 /* UpcomingMoviesListModel.swift in Sources */,
				B2A34C4C298434DB00AD2020 /* ServiceLayer.swift in Sources */,
				B2A34C3C29842CE300AD2020 /* LogInProvider.swift in Sources */,
				B2A34C3529842C5100AD2020 /* NewTokenResponse.swift in Sources */,
				B2A34C3329842BF600AD2020 /* LoginResponse.swift in Sources */,
				B2A34C452984325900AD2020 /* ConstantsUserInf.swift in Sources */,
				B2A34C2C29842B0900AD2020 /* PopMoviesListModel.swift in Sources */,
				B2A34C3E29842D1800AD2020 /* LongInPresenter.swift in Sources */,
				B2A34C2529836D8F00AD2020 /* ViewController2.swift in Sources */,
				B2A34C112983628800AD2020 /* AppDelegate.swift in Sources */,
				B2A34C132983628800AD2020 /* SceneDelegate.swift in Sources */,
				B2A34C292983C6AA00AD2020 /* CollectionViewCellCusmizedCollectionViewCell.swift in Sources */,
			);
			runOnlyForDeploymentPostprocessing = 0;
		};
/* End PBXSourcesBuildPhase section */

/* Begin PBXVariantGroup section */
		B2A34C162983628800AD2020 /* Main.storyboard */ = {
			isa = PBXVariantGroup;
			children = (
				B2A34C172983628800AD2020 /* Base */,
			);
			name = Main.storyboard;
			sourceTree = "<group>";
		};
		B2A34C1B2983628A00AD2020 /* LaunchScreen.storyboard */ = {
			isa = PBXVariantGroup;
			children = (
				B2A34C1C2983628A00AD2020 /* Base */,
			);
			name = LaunchScreen.storyboard;
			sourceTree = "<group>";
		};
/* End PBXVariantGroup section */

/* Begin XCBuildConfiguration section */
		B2A34C1F2983628A00AD2020 /* Debug */ = {
			isa = XCBuildConfiguration;
			buildSettings = {
				ALWAYS_SEARCH_USER_PATHS = NO;
				CLANG_ANALYZER_NONNULL = YES;
				CLANG_ANALYZER_NUMBER_OBJECT_CONVERSION = YES_AGGRESSIVE;
				CLANG_CXX_LANGUAGE_STANDARD = "gnu++20";
				CLANG_ENABLE_MODULES = YES;
				CLANG_ENABLE_OBJC_ARC = YES;
				CLANG_ENABLE_OBJC_WEAK = YES;
				CLANG_WARN_BLOCK_CAPTURE_AUTORELEASING = YES;
				CLANG_WARN_BOOL_CONVERSION = YES;
				CLANG_WARN_COMMA = YES;
				CLANG_WARN_CONSTANT_CONVERSION = YES;
				CLANG_WARN_DEPRECATED_OBJC_IMPLEMENTATIONS = YES;
				CLANG_WARN_DIRECT_OBJC_ISA_USAGE = YES_ERROR;
				CLANG_WARN_DOCUMENTATION_COMMENTS = YES;
				CLANG_WARN_EMPTY_BODY = YES;
				CLANG_WARN_ENUM_CONVERSION = YES;
				CLANG_WARN_INFINITE_RECURSION = YES;
				CLANG_WARN_INT_CONVERSION = YES;
				CLANG_WARN_NON_LITERAL_NULL_CONVERSION = YES;
				CLANG_WARN_OBJC_IMPLICIT_RETAIN_SELF = YES;
				CLANG_WARN_OBJC_LITERAL_CONVERSION = YES;
				CLANG_WARN_OBJC_ROOT_CLASS = YES_ERROR;
				CLANG_WARN_QUOTED_INCLUDE_IN_FRAMEWORK_HEADER = YES;
				CLANG_WARN_RANGE_LOOP_ANALYSIS = YES;
				CLANG_WARN_STRICT_PROTOTYPES = YES;
				CLANG_WARN_SUSPICIOUS_MOVE = YES;
				CLANG_WARN_UNGUARDED_AVAILABILITY = YES_AGGRESSIVE;
				CLANG_WARN_UNREACHABLE_CODE = YES;
				CLANG_WARN__DUPLICATE_METHOD_MATCH = YES;
				COPY_PHASE_STRIP = NO;
				DEBUG_INFORMATION_FORMAT = dwarf;
				ENABLE_STRICT_OBJC_MSGSEND = YES;
				ENABLE_TESTABILITY = YES;
				GCC_C_LANGUAGE_STANDARD = gnu11;
				GCC_DYNAMIC_NO_PIC = NO;
				GCC_NO_COMMON_BLOCKS = YES;
				GCC_OPTIMIZATION_LEVEL = 0;
				GCC_PREPROCESSOR_DEFINITIONS = (
					"DEBUG=1",
					"$(inherited)",
				);
				GCC_WARN_64_TO_32_BIT_CONVERSION = YES;
				GCC_WARN_ABOUT_RETURN_TYPE = YES_ERROR;
				GCC_WARN_UNDECLARED_SELECTOR = YES;
				GCC_WARN_UNINITIALIZED_AUTOS = YES_AGGRESSIVE;
				GCC_WARN_UNUSED_FUNCTION = YES;
				GCC_WARN_UNUSED_VARIABLE = YES;
				IPHONEOS_DEPLOYMENT_TARGET = 16.2;
				MTL_ENABLE_DEBUG_INFO = INCLUDE_SOURCE;
				MTL_FAST_MATH = YES;
				ONLY_ACTIVE_ARCH = YES;
				SDKROOT = iphoneos;
				SWIFT_ACTIVE_COMPILATION_CONDITIONS = DEBUG;
				SWIFT_OPTIMIZATION_LEVEL = "-Onone";
			};
			name = Debug;
		};
		B2A34C202983628A00AD2020 /* Release */ = {
			isa = XCBuildConfiguration;
			buildSettings = {
				ALWAYS_SEARCH_USER_PATHS = NO;
				CLANG_ANALYZER_NONNULL = YES;
				CLANG_ANALYZER_NUMBER_OBJECT_CONVERSION = YES_AGGRESSIVE;
				CLANG_CXX_LANGUAGE_STANDARD = "gnu++20";
				CLANG_ENABLE_MODULES = YES;
				CLANG_ENABLE_OBJC_ARC = YES;
				CLANG_ENABLE_OBJC_WEAK = YES;
				CLANG_WARN_BLOCK_CAPTURE_AUTORELEASING = YES;
				CLANG_WARN_BOOL_CONVERSION = YES;
				CLANG_WARN_COMMA = YES;
				CLANG_WARN_CONSTANT_CONVERSION = YES;
				CLANG_WARN_DEPRECATED_OBJC_IMPLEMENTATIONS = YES;
				CLANG_WARN_DIRECT_OBJC_ISA_USAGE = YES_ERROR;
				CLANG_WARN_DOCUMENTATION_COMMENTS = YES;
				CLANG_WARN_EMPTY_BODY = YES;
				CLANG_WARN_ENUM_CONVERSION = YES;
				CLANG_WARN_INFINITE_RECURSION = YES;
				CLANG_WARN_INT_CONVERSION = YES;
				CLANG_WARN_NON_LITERAL_NULL_CONVERSION = YES;
				CLANG_WARN_OBJC_IMPLICIT_RETAIN_SELF = YES;
				CLANG_WARN_OBJC_LITERAL_CONVERSION = YES;
				CLANG_WARN_OBJC_ROOT_CLASS = YES_ERROR;
				CLANG_WARN_QUOTED_INCLUDE_IN_FRAMEWORK_HEADER = YES;
				CLANG_WARN_RANGE_LOOP_ANALYSIS = YES;
				CLANG_WARN_STRICT_PROTOTYPES = YES;
				CLANG_WARN_SUSPICIOUS_MOVE = YES;
				CLANG_WARN_UNGUARDED_AVAILABILITY = YES_AGGRESSIVE;
				CLANG_WARN_UNREACHABLE_CODE = YES;
				CLANG_WARN__DUPLICATE_METHOD_MATCH = YES;
				COPY_PHASE_STRIP = NO;
				DEBUG_INFORMATION_FORMAT = "dwarf-with-dsym";
				ENABLE_NS_ASSERTIONS = NO;
				ENABLE_STRICT_OBJC_MSGSEND = YES;
				GCC_C_LANGUAGE_STANDARD = gnu11;
				GCC_NO_COMMON_BLOCKS = YES;
				GCC_WARN_64_TO_32_BIT_CONVERSION = YES;
				GCC_WARN_ABOUT_RETURN_TYPE = YES_ERROR;
				GCC_WARN_UNDECLARED_SELECTOR = YES;
				GCC_WARN_UNINITIALIZED_AUTOS = YES_AGGRESSIVE;
				GCC_WARN_UNUSED_FUNCTION = YES;
				GCC_WARN_UNUSED_VARIABLE = YES;
				IPHONEOS_DEPLOYMENT_TARGET = 16.2;
				MTL_ENABLE_DEBUG_INFO = NO;
				MTL_FAST_MATH = YES;
				SDKROOT = iphoneos;
				SWIFT_COMPILATION_MODE = wholemodule;
				SWIFT_OPTIMIZATION_LEVEL = "-O";
				VALIDATE_PRODUCT = YES;
			};
			name = Release;
		};
		B2A34C222983628A00AD2020 /* Debug */ = {
			isa = XCBuildConfiguration;
			baseConfigurationReference = FF188A1E05E03CFEF4DF2916 /* Pods-CoppelMovies.debug.xcconfig */;
			buildSettings = {
				ASSETCATALOG_COMPILER_APPICON_NAME = AppIcon;
				ASSETCATALOG_COMPILER_GLOBAL_ACCENT_COLOR_NAME = AccentColor;
				CODE_SIGN_STYLE = Automatic;
				CURRENT_PROJECT_VERSION = 1;
				GENERATE_INFOPLIST_FILE = YES;
				INFOPLIST_FILE = CoppelMovies/Info.plist;
				INFOPLIST_KEY_UIApplicationSupportsIndirectInputEvents = YES;
				INFOPLIST_KEY_UILaunchStoryboardName = LaunchScreen;
				INFOPLIST_KEY_UIMainStoryboardFile = Main;
				INFOPLIST_KEY_UISupportedInterfaceOrientations_iPad = "UIInterfaceOrientationPortrait UIInterfaceOrientationPortraitUpsideDown UIInterfaceOrientationLandscapeLeft UIInterfaceOrientationLandscapeRight";
				INFOPLIST_KEY_UISupportedInterfaceOrientations_iPhone = "UIInterfaceOrientationPortrait UIInterfaceOrientationLandscapeLeft UIInterfaceOrientationLandscapeRight";
				LD_RUNPATH_SEARCH_PATHS = (
					"$(inherited)",
					"@executable_path/Frameworks",
				);
				MARKETING_VERSION = 1.0;
				PRODUCT_BUNDLE_IDENTIFIER = dev.jesusmunoz.CoppelMovies;
				PRODUCT_NAME = "$(TARGET_NAME)";
				SWIFT_EMIT_LOC_STRINGS = YES;
				SWIFT_VERSION = 5.0;
				TARGETED_DEVICE_FAMILY = "1,2";
			};
			name = Debug;
		};
		B2A34C232983628A00AD2020 /* Release */ = {
			isa = XCBuildConfiguration;
			baseConfigurationReference = A812700C3BAC60E1A24E5F65 /* Pods-CoppelMovies.release.xcconfig */;
			buildSettings = {
				ASSETCATALOG_COMPILER_APPICON_NAME = AppIcon;
				ASSETCATALOG_COMPILER_GLOBAL_ACCENT_COLOR_NAME = AccentColor;
				CODE_SIGN_STYLE = Automatic;
				CURRENT_PROJECT_VERSION = 1;
				GENERATE_INFOPLIST_FILE = YES;
				INFOPLIST_FILE = CoppelMovies/Info.plist;
				INFOPLIST_KEY_UIApplicationSupportsIndirectInputEvents = YES;
				INFOPLIST_KEY_UILaunchStoryboardName = LaunchScreen;
				INFOPLIST_KEY_UIMainStoryboardFile = Main;
				INFOPLIST_KEY_UISupportedInterfaceOrientations_iPad = "UIInterfaceOrientationPortrait UIInterfaceOrientationPortraitUpsideDown UIInterfaceOrientationLandscapeLeft UIInterfaceOrientationLandscapeRight";
				INFOPLIST_KEY_UISupportedInterfaceOrientations_iPhone = "UIInterfaceOrientationPortrait UIInterfaceOrientationLandscapeLeft UIInterfaceOrientationLandscapeRight";
				LD_RUNPATH_SEARCH_PATHS = (
					"$(inherited)",
					"@executable_path/Frameworks",
				);
				MARKETING_VERSION = 1.0;
				PRODUCT_BUNDLE_IDENTIFIER = dev.jesusmunoz.CoppelMovies;
				PRODUCT_NAME = "$(TARGET_NAME)";
				SWIFT_EMIT_LOC_STRINGS = YES;
				SWIFT_VERSION = 5.0;
				TARGETED_DEVICE_FAMILY = "1,2";
			};
			name = Release;
		};
/* End XCBuildConfiguration section */

/* Begin XCConfigurationList section */
		B2A34C082983628800AD2020 /* Build configuration list for PBXProject "CoppelMovies" */ = {
			isa = XCConfigurationList;
			buildConfigurations = (
				B2A34C1F2983628A00AD2020 /* Debug */,
				B2A34C202983628A00AD2020 /* Release */,
			);
			defaultConfigurationIsVisible = 0;
			defaultConfigurationName = Release;
		};
		B2A34C212983628A00AD2020 /* Build configuration list for PBXNativeTarget "CoppelMovies" */ = {
			isa = XCConfigurationList;
			buildConfigurations = (
				B2A34C222983628A00AD2020 /* Debug */,
				B2A34C232983628A00AD2020 /* Release */,
			);
			defaultConfigurationIsVisible = 0;
			defaultConfigurationName = Release;
		};
/* End XCConfigurationList section */
	};
	rootObject = B2A34C052983628800AD2020 /* Project object */;
}
